
Microsoft Visual Studio Solution File, Format Version 12.00
# Visual Studio 15
VisualStudioVersion = 15.0.26124.0
MinimumVisualStudioVersion = 15.0.26124.0
Project("{F2A71F9B-5D33-465A-A702-920D77279786}") = "Version.App", "App\Version.App.fsproj", "{20D1564B-F5CA-4CB1-B974-D6EB2EFDE25F}"
EndProject
Project("{F2A71F9B-5D33-465A-A702-920D77279786}") = "Version.Lib", "Lib\Version.Lib.fsproj", "{70B8E71D-860A-4C43-9F7D-B9B7C6A6BCBE}"
EndProject
Project("{F2A71F9B-5D33-465A-A702-920D77279786}") = "Version.Types", "Types\Version.Types.fsproj", "{0B89FA8B-109E-4F3B-A941-0002E92381E2}"
EndProject
Project("{F2A71F9B-5D33-465A-A702-920D77279786}") = "Maybe", "Maybe\Maybe.fsproj", "{011604E1-2C37-4366-8E9C-4E6C6121053E}"
EndProject
Project("{F2A71F9B-5D33-465A-A702-920D77279786}") = "FileSystem", "FileSystem\FileSystem.fsproj", "{95116139-8129-4E63-9DC5-BE8508B9E4BA}"
EndProject
Project("{2150E333-8FDC-42A3-9474-1A3956D46DE8}") = "SolutionItems", "SolutionItems", "{31154357-6B3B-46EA-A088-A8840ED22097}"
	ProjectSection(SolutionItems) = preProject
		.gitignore = .gitignore
		README.md = README.md
	EndProjectSection
EndProject
Project("{F2A71F9B-5D33-465A-A702-920D77279786}") = "Git", "Git\Git.fsproj", "{30942825-A2FE-4E5F-BA5C-4C23C41CB174}"
EndProject
Project("{F2A71F9B-5D33-465A-A702-920D77279786}") = "Printer", "Printer\Printer.fsproj", "{C9B31B49-D98F-43F0-9B0A-CB62279E8AC8}"
EndProject
Project("{F2A71F9B-5D33-465A-A702-920D77279786}") = "Strings", "Strings\Strings.fsproj", "{50F833D1-CC14-43A2-A27E-98FC2A2BF3B7}"
EndProject
Global
	GlobalSection(SolutionConfigurationPlatforms) = preSolution
		Debug|Any CPU = Debug|Any CPU
		Debug|x64 = Debug|x64
		Debug|x86 = Debug|x86
		Release|Any CPU = Release|Any CPU
		Release|x64 = Release|x64
		Release|x86 = Release|x86
	EndGlobalSection
	GlobalSection(SolutionProperties) = preSolution
		HideSolutionNode = FALSE
	EndGlobalSection
	GlobalSection(ProjectConfigurationPlatforms) = postSolution
		{20D1564B-F5CA-4CB1-B974-D6EB2EFDE25F}.Debug|Any CPU.ActiveCfg = Debug|Any CPU
		{20D1564B-F5CA-4CB1-B974-D6EB2EFDE25F}.Debug|Any CPU.Build.0 = Debug|Any CPU
		{20D1564B-F5CA-4CB1-B974-D6EB2EFDE25F}.Debug|x64.ActiveCfg = Debug|Any CPU
		{20D1564B-F5CA-4CB1-B974-D6EB2EFDE25F}.Debug|x64.Build.0 = Debug|Any CPU
		{20D1564B-F5CA-4CB1-B974-D6EB2EFDE25F}.Debug|x86.ActiveCfg = Debug|Any CPU
		{20D1564B-F5CA-4CB1-B974-D6EB2EFDE25F}.Debug|x86.Build.0 = Debug|Any CPU
		{20D1564B-F5CA-4CB1-B974-D6EB2EFDE25F}.Release|Any CPU.ActiveCfg = Release|Any CPU
		{20D1564B-F5CA-4CB1-B974-D6EB2EFDE25F}.Release|Any CPU.Build.0 = Release|Any CPU
		{20D1564B-F5CA-4CB1-B974-D6EB2EFDE25F}.Release|x64.ActiveCfg = Release|Any CPU
		{20D1564B-F5CA-4CB1-B974-D6EB2EFDE25F}.Release|x64.Build.0 = Release|Any CPU
		{20D1564B-F5CA-4CB1-B974-D6EB2EFDE25F}.Release|x86.ActiveCfg = Release|Any CPU
		{20D1564B-F5CA-4CB1-B974-D6EB2EFDE25F}.Release|x86.Build.0 = Release|Any CPU
		{70B8E71D-860A-4C43-9F7D-B9B7C6A6BCBE}.Debug|Any CPU.ActiveCfg = Debug|Any CPU
		{70B8E71D-860A-4C43-9F7D-B9B7C6A6BCBE}.Debug|Any CPU.Build.0 = Debug|Any CPU
		{70B8E71D-860A-4C43-9F7D-B9B7C6A6BCBE}.Debug|x64.ActiveCfg = Debug|Any CPU
		{70B8E71D-860A-4C43-9F7D-B9B7C6A6BCBE}.Debug|x64.Build.0 = Debug|Any CPU
		{70B8E71D-860A-4C43-9F7D-B9B7C6A6BCBE}.Debug|x86.ActiveCfg = Debug|Any CPU
		{70B8E71D-860A-4C43-9F7D-B9B7C6A6BCBE}.Debug|x86.Build.0 = Debug|Any CPU
		{70B8E71D-860A-4C43-9F7D-B9B7C6A6BCBE}.Release|Any CPU.ActiveCfg = Release|Any CPU
		{70B8E71D-860A-4C43-9F7D-B9B7C6A6BCBE}.Release|Any CPU.Build.0 = Release|Any CPU
		{70B8E71D-860A-4C43-9F7D-B9B7C6A6BCBE}.Release|x64.ActiveCfg = Release|Any CPU
		{70B8E71D-860A-4C43-9F7D-B9B7C6A6BCBE}.Release|x64.Build.0 = Release|Any CPU
		{70B8E71D-860A-4C43-9F7D-B9B7C6A6BCBE}.Release|x86.ActiveCfg = Release|Any CPU
		{70B8E71D-860A-4C43-9F7D-B9B7C6A6BCBE}.Release|x86.Build.0 = Release|Any CPU
		{0B89FA8B-109E-4F3B-A941-0002E92381E2}.Debug|Any CPU.ActiveCfg = Debug|Any CPU
		{0B89FA8B-109E-4F3B-A941-0002E92381E2}.Debug|Any CPU.Build.0 = Debug|Any CPU
		{0B89FA8B-109E-4F3B-A941-0002E92381E2}.Debug|x64.ActiveCfg = Debug|Any CPU
		{0B89FA8B-109E-4F3B-A941-0002E92381E2}.Debug|x64.Build.0 = Debug|Any CPU
		{0B89FA8B-109E-4F3B-A941-0002E92381E2}.Debug|x86.ActiveCfg = Debug|Any CPU
		{0B89FA8B-109E-4F3B-A941-0002E92381E2}.Debug|x86.Build.0 = Debug|Any CPU
		{0B89FA8B-109E-4F3B-A941-0002E92381E2}.Release|Any CPU.ActiveCfg = Release|Any CPU
		{0B89FA8B-109E-4F3B-A941-0002E92381E2}.Release|Any CPU.Build.0 = Release|Any CPU
		{0B89FA8B-109E-4F3B-A941-0002E92381E2}.Release|x64.ActiveCfg = Release|Any CPU
		{0B89FA8B-109E-4F3B-A941-0002E92381E2}.Release|x64.Build.0 = Release|Any CPU
		{0B89FA8B-109E-4F3B-A941-0002E92381E2}.Release|x86.ActiveCfg = Release|Any CPU
		{0B89FA8B-109E-4F3B-A941-0002E92381E2}.Release|x86.Build.0 = Release|Any CPU
		{011604E1-2C37-4366-8E9C-4E6C6121053E}.Debug|Any CPU.ActiveCfg = Debug|Any CPU
		{011604E1-2C37-4366-8E9C-4E6C6121053E}.Debug|Any CPU.Build.0 = Debug|Any CPU
		{011604E1-2C37-4366-8E9C-4E6C6121053E}.Debug|x64.ActiveCfg = Debug|Any CPU
		{011604E1-2C37-4366-8E9C-4E6C6121053E}.Debug|x64.Build.0 = Debug|Any CPU
		{011604E1-2C37-4366-8E9C-4E6C6121053E}.Debug|x86.ActiveCfg = Debug|Any CPU
		{011604E1-2C37-4366-8E9C-4E6C6121053E}.Debug|x86.Build.0 = Debug|Any CPU
		{011604E1-2C37-4366-8E9C-4E6C6121053E}.Release|Any CPU.ActiveCfg = Release|Any CPU
		{011604E1-2C37-4366-8E9C-4E6C6121053E}.Release|Any CPU.Build.0 = Release|Any CPU
		{011604E1-2C37-4366-8E9C-4E6C6121053E}.Release|x64.ActiveCfg = Release|Any CPU
		{011604E1-2C37-4366-8E9C-4E6C6121053E}.Release|x64.Build.0 = Release|Any CPU
		{011604E1-2C37-4366-8E9C-4E6C6121053E}.Release|x86.ActiveCfg = Release|Any CPU
		{011604E1-2C37-4366-8E9C-4E6C6121053E}.Release|x86.Build.0 = Release|Any CPU
		{95116139-8129-4E63-9DC5-BE8508B9E4BA}.Debug|Any CPU.ActiveCfg = Debug|Any CPU
		{95116139-8129-4E63-9DC5-BE8508B9E4BA}.Debug|Any CPU.Build.0 = Debug|Any CPU
		{95116139-8129-4E63-9DC5-BE8508B9E4BA}.Debug|x64.ActiveCfg = Debug|Any CPU
		{95116139-8129-4E63-9DC5-BE8508B9E4BA}.Debug|x64.Build.0 = Debug|Any CPU
		{95116139-8129-4E63-9DC5-BE8508B9E4BA}.Debug|x86.ActiveCfg = Debug|Any CPU
		{95116139-8129-4E63-9DC5-BE8508B9E4BA}.Debug|x86.Build.0 = Debug|Any CPU
		{95116139-8129-4E63-9DC5-BE8508B9E4BA}.Release|Any CPU.ActiveCfg = Release|Any CPU
		{95116139-8129-4E63-9DC5-BE8508B9E4BA}.Release|Any CPU.Build.0 = Release|Any CPU
		{95116139-8129-4E63-9DC5-BE8508B9E4BA}.Release|x64.ActiveCfg = Release|Any CPU
		{95116139-8129-4E63-9DC5-BE8508B9E4BA}.Release|x64.Build.0 = Release|Any CPU
		{95116139-8129-4E63-9DC5-BE8508B9E4BA}.Release|x86.ActiveCfg = Release|Any CPU
		{95116139-8129-4E63-9DC5-BE8508B9E4BA}.Release|x86.Build.0 = Release|Any CPU
		{30942825-A2FE-4E5F-BA5C-4C23C41CB174}.Debug|Any CPU.ActiveCfg = Debug|Any CPU
		{30942825-A2FE-4E5F-BA5C-4C23C41CB174}.Debug|Any CPU.Build.0 = Debug|Any CPU
		{30942825-A2FE-4E5F-BA5C-4C23C41CB174}.Debug|x64.ActiveCfg = Debug|Any CPU
		{30942825-A2FE-4E5F-BA5C-4C23C41CB174}.Debug|x64.Build.0 = Debug|Any CPU
		{30942825-A2FE-4E5F-BA5C-4C23C41CB174}.Debug|x86.ActiveCfg = Debug|Any CPU
		{30942825-A2FE-4E5F-BA5C-4C23C41CB174}.Debug|x86.Build.0 = Debug|Any CPU
		{30942825-A2FE-4E5F-BA5C-4C23C41CB174}.Release|Any CPU.ActiveCfg = Release|Any CPU
		{30942825-A2FE-4E5F-BA5C-4C23C41CB174}.Release|Any CPU.Build.0 = Release|Any CPU
		{30942825-A2FE-4E5F-BA5C-4C23C41CB174}.Release|x64.ActiveCfg = Release|Any CPU
		{30942825-A2FE-4E5F-BA5C-4C23C41CB174}.Release|x64.Build.0 = Release|Any CPU
		{30942825-A2FE-4E5F-BA5C-4C23C41CB174}.Release|x86.ActiveCfg = Release|Any CPU
		{30942825-A2FE-4E5F-BA5C-4C23C41CB174}.Release|x86.Build.0 = Release|Any CPU
		{C9B31B49-D98F-43F0-9B0A-CB62279E8AC8}.Debug|Any CPU.ActiveCfg = Debug|Any CPU
		{C9B31B49-D98F-43F0-9B0A-CB62279E8AC8}.Debug|Any CPU.Build.0 = Debug|Any CPU
		{C9B31B49-D98F-43F0-9B0A-CB62279E8AC8}.Debug|x64.ActiveCfg = Debug|Any CPU
		{C9B31B49-D98F-43F0-9B0A-CB62279E8AC8}.Debug|x64.Build.0 = Debug|Any CPU
		{C9B31B49-D98F-43F0-9B0A-CB62279E8AC8}.Debug|x86.ActiveCfg = Debug|Any CPU
		{C9B31B49-D98F-43F0-9B0A-CB62279E8AC8}.Debug|x86.Build.0 = Debug|Any CPU
		{C9B31B49-D98F-43F0-9B0A-CB62279E8AC8}.Release|Any CPU.ActiveCfg = Release|Any CPU
		{C9B31B49-D98F-43F0-9B0A-CB62279E8AC8}.Release|Any CPU.Build.0 = Release|Any CPU
		{C9B31B49-D98F-43F0-9B0A-CB62279E8AC8}.Release|x64.ActiveCfg = Release|Any CPU
		{C9B31B49-D98F-43F0-9B0A-CB62279E8AC8}.Release|x64.Build.0 = Release|Any CPU
		{C9B31B49-D98F-43F0-9B0A-CB62279E8AC8}.Release|x86.ActiveCfg = Release|Any CPU
		{C9B31B49-D98F-43F0-9B0A-CB62279E8AC8}.Release|x86.Build.0 = Release|Any CPU
		{50F833D1-CC14-43A2-A27E-98FC2A2BF3B7}.Debug|Any CPU.ActiveCfg = Debug|Any CPU
		{50F833D1-CC14-43A2-A27E-98FC2A2BF3B7}.Debug|Any CPU.Build.0 = Debug|Any CPU
		{50F833D1-CC14-43A2-A27E-98FC2A2BF3B7}.Debug|x64.ActiveCfg = Debug|Any CPU
		{50F833D1-CC14-43A2-A27E-98FC2A2BF3B7}.Debug|x64.Build.0 = Debug|Any CPU
		{50F833D1-CC14-43A2-A27E-98FC2A2BF3B7}.Debug|x86.ActiveCfg = Debug|Any CPU
		{50F833D1-CC14-43A2-A27E-98FC2A2BF3B7}.Debug|x86.Build.0 = Debug|Any CPU
		{50F833D1-CC14-43A2-A27E-98FC2A2BF3B7}.Release|Any CPU.ActiveCfg = Release|Any CPU
		{50F833D1-CC14-43A2-A27E-98FC2A2BF3B7}.Release|Any CPU.Build.0 = Release|Any CPU
		{50F833D1-CC14-43A2-A27E-98FC2A2BF3B7}.Release|x64.ActiveCfg = Release|Any CPU
		{50F833D1-CC14-43A2-A27E-98FC2A2BF3B7}.Release|x64.Build.0 = Release|Any CPU
		{50F833D1-CC14-43A2-A27E-98FC2A2BF3B7}.Release|x86.ActiveCfg = Release|Any CPU
		{50F833D1-CC14-43A2-A27E-98FC2A2BF3B7}.Release|x86.Build.0 = Release|Any CPU
	EndGlobalSection
EndGlobal
